
Microsoft Visual Studio Solution File, Format Version 12.00
# Visual Studio 15
VisualStudioVersion = 15.0.28010.2016
MinimumVisualStudioVersion = 10.0.40219.1
Project("{FAE04EC0-301F-11D3-BF4B-00C04F79EFBC}") = "TravelGuide.XamarinUI.Android", "TravelGuide.XamarinUI\TravelGuide.XamarinUI.Android\TravelGuide.XamarinUI.Android.csproj", "{0FF1CB2D-10F9-4365-B57E-BA6F587CFB97}"
EndProject
Project("{FAE04EC0-301F-11D3-BF4B-00C04F79EFBC}") = "TravelGuide.XamarinUI.iOS", "TravelGuide.XamarinUI\TravelGuide.XamarinUI.iOS\TravelGuide.XamarinUI.iOS.csproj", "{63579416-6437-4E0C-A54D-51A50230A0F7}"
EndProject
Project("{FAE04EC0-301F-11D3-BF4B-00C04F79EFBC}") = "TravelGuide.XamarinUI", "TravelGuide.XamarinUI\TravelGuide.XamarinUI\TravelGuide.XamarinUI.csproj", "{4F10D0BA-9722-4BD6-A8EE-348A0695692C}"
EndProject
Global
	GlobalSection(SolutionConfigurationPlatforms) = preSolution
		Debug|Any CPU = Debug|Any CPU
		Debug|iPhone = Debug|iPhone
		Debug|iPhoneSimulator = Debug|iPhoneSimulator
		Release|Any CPU = Release|Any CPU
		Release|iPhone = Release|iPhone
		Release|iPhoneSimulator = Release|iPhoneSimulator
	EndGlobalSection
	GlobalSection(ProjectConfigurationPlatforms) = postSolution
		{0FF1CB2D-10F9-4365-B57E-BA6F587CFB97}.Debug|Any CPU.ActiveCfg = Debug|Any CPU
		{0FF1CB2D-10F9-4365-B57E-BA6F587CFB97}.Debug|Any CPU.Build.0 = Debug|Any CPU
		{0FF1CB2D-10F9-4365-B57E-BA6F587CFB97}.Debug|Any CPU.Deploy.0 = Debug|Any CPU
		{0FF1CB2D-10F9-4365-B57E-BA6F587CFB97}.Debug|iPhone.ActiveCfg = Debug|Any CPU
		{0FF1CB2D-10F9-4365-B57E-BA6F587CFB97}.Debug|iPhone.Build.0 = Debug|Any CPU
		{0FF1CB2D-10F9-4365-B57E-BA6F587CFB97}.Debug|iPhone.Deploy.0 = Debug|Any CPU
		{0FF1CB2D-10F9-4365-B57E-BA6F587CFB97}.Debug|iPhoneSimulator.ActiveCfg = Debug|Any CPU
		{0FF1CB2D-10F9-4365-B57E-BA6F587CFB97}.Debug|iPhoneSimulator.Build.0 = Debug|Any CPU
		{0FF1CB2D-10F9-4365-B57E-BA6F587CFB97}.Debug|iPhoneSimulator.Deploy.0 = Debug|Any CPU
		{0FF1CB2D-10F9-4365-B57E-BA6F587CFB97}.Release|Any CPU.ActiveCfg = Release|Any CPU
		{0FF1CB2D-10F9-4365-B57E-BA6F587CFB97}.Release|Any CPU.Build.0 = Release|Any CPU
		{0FF1CB2D-10F9-4365-B57E-BA6F587CFB97}.Release|Any CPU.Deploy.0 = Release|Any CPU
		{0FF1CB2D-10F9-4365-B57E-BA6F587CFB97}.Release|iPhone.ActiveCfg = Release|Any CPU
		{0FF1CB2D-10F9-4365-B57E-BA6F587CFB97}.Release|iPhone.Build.0 = Release|Any CPU
		{0FF1CB2D-10F9-4365-B57E-BA6F587CFB97}.Release|iPhone.Deploy.0 = Release|Any CPU
		{0FF1CB2D-10F9-4365-B57E-BA6F587CFB97}.Release|iPhoneSimulator.ActiveCfg = Release|Any CPU
		{0FF1CB2D-10F9-4365-B57E-BA6F587CFB97}.Release|iPhoneSimulator.Build.0 = Release|Any CPU
		{0FF1CB2D-10F9-4365-B57E-BA6F587CFB97}.Release|iPhoneSimulator.Deploy.0 = Release|Any CPU
		{63579416-6437-4E0C-A54D-51A50230A0F7}.Debug|Any CPU.ActiveCfg = Debug|iPhoneSimulator
		{63579416-6437-4E0C-A54D-51A50230A0F7}.Debug|Any CPU.Build.0 = Debug|iPhoneSimulator
		{63579416-6437-4E0C-A54D-51A50230A0F7}.Debug|Any CPU.Deploy.0 = Debug|iPhoneSimulator
		{63579416-6437-4E0C-A54D-51A50230A0F7}.Debug|iPhone.ActiveCfg = Debug|iPhone
		{63579416-6437-4E0C-A54D-51A50230A0F7}.Debug|iPhone.Build.0 = Debug|iPhone
		{63579416-6437-4E0C-A54D-51A50230A0F7}.Debug|iPhone.Deploy.0 = Debug|iPhone
		{63579416-6437-4E0C-A54D-51A50230A0F7}.Debug|iPhoneSimulator.ActiveCfg = Debug|iPhoneSimulator
		{63579416-6437-4E0C-A54D-51A50230A0F7}.Debug|iPhoneSimulator.Build.0 = Debug|iPhoneSimulator
		{63579416-6437-4E0C-A54D-51A50230A0F7}.Debug|iPhoneSimulator.Deploy.0 = Debug|iPhoneSimulator
		{63579416-6437-4E0C-A54D-51A50230A0F7}.Release|Any CPU.ActiveCfg = Release|iPhone
		{63579416-6437-4E0C-A54D-51A50230A0F7}.Release|Any CPU.Build.0 = Release|iPhone
		{63579416-6437-4E0C-A54D-51A50230A0F7}.Release|Any CPU.Deploy.0 = Release|iPhone
		{63579416-6437-4E0C-A54D-51A50230A0F7}.Release|iPhone.ActiveCfg = Release|iPhone
		{63579416-6437-4E0C-A54D-51A50230A0F7}.Release|iPhone.Build.0 = Release|iPhone
		{63579416-6437-4E0C-A54D-51A50230A0F7}.Release|iPhone.Deploy.0 = Release|iPhone
		{63579416-6437-4E0C-A54D-51A50230A0F7}.Release|iPhoneSimulator.ActiveCfg = Release|iPhoneSimulator
		{63579416-6437-4E0C-A54D-51A50230A0F7}.Release|iPhoneSimulator.Build.0 = Release|iPhoneSimulator
		{63579416-6437-4E0C-A54D-51A50230A0F7}.Release|iPhoneSimulator.Deploy.0 = Release|iPhoneSimulator
		{4F10D0BA-9722-4BD6-A8EE-348A0695692C}.Debug|Any CPU.ActiveCfg = Debug|Any CPU
		{4F10D0BA-9722-4BD6-A8EE-348A0695692C}.Debug|Any CPU.Build.0 = Debug|Any CPU
		{4F10D0BA-9722-4BD6-A8EE-348A0695692C}.Debug|Any CPU.Deploy.0 = Debug|Any CPU
		{4F10D0BA-9722-4BD6-A8EE-348A0695692C}.Debug|iPhone.ActiveCfg = Debug|Any CPU
		{4F10D0BA-9722-4BD6-A8EE-348A0695692C}.Debug|iPhone.Build.0 = Debug|Any CPU
		{4F10D0BA-9722-4BD6-A8EE-348A0695692C}.Debug|iPhone.Deploy.0 = Debug|Any CPU
		{4F10D0BA-9722-4BD6-A8EE-348A0695692C}.Debug|iPhoneSimulator.ActiveCfg = Debug|Any CPU
		{4F10D0BA-9722-4BD6-A8EE-348A0695692C}.Debug|iPhoneSimulator.Build.0 = Debug|Any CPU
		{4F10D0BA-9722-4BD6-A8EE-348A0695692C}.Debug|iPhoneSimulator.Deploy.0 = Debug|Any CPU
		{4F10D0BA-9722-4BD6-A8EE-348A0695692C}.Release|Any CPU.ActiveCfg = Release|Any CPU
		{4F10D0BA-9722-4BD6-A8EE-348A0695692C}.Release|Any CPU.Build.0 = Release|Any CPU
		{4F10D0BA-9722-4BD6-A8EE-348A0695692C}.Release|Any CPU.Deploy.0 = Release|Any CPU
		{4F10D0BA-9722-4BD6-A8EE-348A0695692C}.Release|iPhone.ActiveCfg = Release|Any CPU
		{4F10D0BA-9722-4BD6-A8EE-348A0695692C}.Release|iPhone.Build.0 = Release|Any CPU
		{4F10D0BA-9722-4BD6-A8EE-348A0695692C}.Release|iPhone.Deploy.0 = Release|Any CPU
		{4F10D0BA-9722-4BD6-A8EE-348A0695692C}.Release|iPhoneSimulator.ActiveCfg = Release|Any CPU
		{4F10D0BA-9722-4BD6-A8EE-348A0695692C}.Release|iPhoneSimulator.Build.0 = Release|Any CPU
		{4F10D0BA-9722-4BD6-A8EE-348A0695692C}.Release|iPhoneSimulator.Deploy.0 = Release|Any CPU
	EndGlobalSection
	GlobalSection(SolutionProperties) = preSolution
		HideSolutionNode = FALSE
	EndGlobalSection
	GlobalSection(ExtensibilityGlobals) = postSolution
		SolutionGuid = {FB203E7B-3F0E-4383-9A9F-CA4B36DB12CB}
	EndGlobalSection
EndGlobal
