
Microsoft Visual Studio Solution File, Format Version 12.00
# Visual Studio 15
VisualStudioVersion = 15.0.27428.2002
MinimumVisualStudioVersion = 10.0.40219.1
Project("{FAE04EC0-301F-11D3-BF4B-00C04F79EFBC}") = "TravelGuide.XamarinUI.Android", "TravelGuide.XamarinUI\TravelGuide.XamarinUI.Android\TravelGuide.XamarinUI.Android.csproj", "{5F251156-C4B4-4729-A16B-F7439A5CCF88}"
EndProject
Project("{FAE04EC0-301F-11D3-BF4B-00C04F79EFBC}") = "TravelGuide.XamarinUI.iOS", "TravelGuide.XamarinUI\TravelGuide.XamarinUI.iOS\TravelGuide.XamarinUI.iOS.csproj", "{B03EF3F1-6439-4826-A1FF-C2DCF46658FE}"
EndProject
Project("{FAE04EC0-301F-11D3-BF4B-00C04F79EFBC}") = "TravelGuide.XamarinUI", "TravelGuide.XamarinUI\TravelGuide.XamarinUI\TravelGuide.XamarinUI.csproj", "{22B04F72-94E0-4C5A-8B76-81389571529E}"
EndProject
Global
	GlobalSection(SolutionConfigurationPlatforms) = preSolution
		Ad-Hoc|Any CPU = Ad-Hoc|Any CPU
		Ad-Hoc|iPhone = Ad-Hoc|iPhone
		Ad-Hoc|iPhoneSimulator = Ad-Hoc|iPhoneSimulator
		AppStore|Any CPU = AppStore|Any CPU
		AppStore|iPhone = AppStore|iPhone
		AppStore|iPhoneSimulator = AppStore|iPhoneSimulator
		Debug|Any CPU = Debug|Any CPU
		Debug|iPhone = Debug|iPhone
		Debug|iPhoneSimulator = Debug|iPhoneSimulator
		Release|Any CPU = Release|Any CPU
		Release|iPhone = Release|iPhone
		Release|iPhoneSimulator = Release|iPhoneSimulator
	EndGlobalSection
	GlobalSection(ProjectConfigurationPlatforms) = postSolution
		{5F251156-C4B4-4729-A16B-F7439A5CCF88}.Ad-Hoc|Any CPU.ActiveCfg = Release|Any CPU
		{5F251156-C4B4-4729-A16B-F7439A5CCF88}.Ad-Hoc|Any CPU.Build.0 = Release|Any CPU
		{5F251156-C4B4-4729-A16B-F7439A5CCF88}.Ad-Hoc|Any CPU.Deploy.0 = Release|Any CPU
		{5F251156-C4B4-4729-A16B-F7439A5CCF88}.Ad-Hoc|iPhone.ActiveCfg = Release|Any CPU
		{5F251156-C4B4-4729-A16B-F7439A5CCF88}.Ad-Hoc|iPhone.Build.0 = Release|Any CPU
		{5F251156-C4B4-4729-A16B-F7439A5CCF88}.Ad-Hoc|iPhone.Deploy.0 = Release|Any CPU
		{5F251156-C4B4-4729-A16B-F7439A5CCF88}.Ad-Hoc|iPhoneSimulator.ActiveCfg = Release|Any CPU
		{5F251156-C4B4-4729-A16B-F7439A5CCF88}.Ad-Hoc|iPhoneSimulator.Build.0 = Release|Any CPU
		{5F251156-C4B4-4729-A16B-F7439A5CCF88}.Ad-Hoc|iPhoneSimulator.Deploy.0 = Release|Any CPU
		{5F251156-C4B4-4729-A16B-F7439A5CCF88}.AppStore|Any CPU.ActiveCfg = Release|Any CPU
		{5F251156-C4B4-4729-A16B-F7439A5CCF88}.AppStore|Any CPU.Build.0 = Release|Any CPU
		{5F251156-C4B4-4729-A16B-F7439A5CCF88}.AppStore|Any CPU.Deploy.0 = Release|Any CPU
		{5F251156-C4B4-4729-A16B-F7439A5CCF88}.AppStore|iPhone.ActiveCfg = Release|Any CPU
		{5F251156-C4B4-4729-A16B-F7439A5CCF88}.AppStore|iPhone.Build.0 = Release|Any CPU
		{5F251156-C4B4-4729-A16B-F7439A5CCF88}.AppStore|iPhone.Deploy.0 = Release|Any CPU
		{5F251156-C4B4-4729-A16B-F7439A5CCF88}.AppStore|iPhoneSimulator.ActiveCfg = Release|Any CPU
		{5F251156-C4B4-4729-A16B-F7439A5CCF88}.AppStore|iPhoneSimulator.Build.0 = Release|Any CPU
		{5F251156-C4B4-4729-A16B-F7439A5CCF88}.AppStore|iPhoneSimulator.Deploy.0 = Release|Any CPU
		{5F251156-C4B4-4729-A16B-F7439A5CCF88}.Debug|Any CPU.ActiveCfg = Debug|Any CPU
		{5F251156-C4B4-4729-A16B-F7439A5CCF88}.Debug|Any CPU.Build.0 = Debug|Any CPU
		{5F251156-C4B4-4729-A16B-F7439A5CCF88}.Debug|Any CPU.Deploy.0 = Debug|Any CPU
		{5F251156-C4B4-4729-A16B-F7439A5CCF88}.Debug|iPhone.ActiveCfg = Debug|Any CPU
		{5F251156-C4B4-4729-A16B-F7439A5CCF88}.Debug|iPhone.Build.0 = Debug|Any CPU
		{5F251156-C4B4-4729-A16B-F7439A5CCF88}.Debug|iPhone.Deploy.0 = Debug|Any CPU
		{5F251156-C4B4-4729-A16B-F7439A5CCF88}.Debug|iPhoneSimulator.ActiveCfg = Debug|Any CPU
		{5F251156-C4B4-4729-A16B-F7439A5CCF88}.Debug|iPhoneSimulator.Build.0 = Debug|Any CPU
		{5F251156-C4B4-4729-A16B-F7439A5CCF88}.Debug|iPhoneSimulator.Deploy.0 = Debug|Any CPU
		{5F251156-C4B4-4729-A16B-F7439A5CCF88}.Release|Any CPU.ActiveCfg = Release|Any CPU
		{5F251156-C4B4-4729-A16B-F7439A5CCF88}.Release|Any CPU.Build.0 = Release|Any CPU
		{5F251156-C4B4-4729-A16B-F7439A5CCF88}.Release|Any CPU.Deploy.0 = Release|Any CPU
		{5F251156-C4B4-4729-A16B-F7439A5CCF88}.Release|iPhone.ActiveCfg = Release|Any CPU
		{5F251156-C4B4-4729-A16B-F7439A5CCF88}.Release|iPhone.Build.0 = Release|Any CPU
		{5F251156-C4B4-4729-A16B-F7439A5CCF88}.Release|iPhone.Deploy.0 = Release|Any CPU
		{5F251156-C4B4-4729-A16B-F7439A5CCF88}.Release|iPhoneSimulator.ActiveCfg = Release|Any CPU
		{5F251156-C4B4-4729-A16B-F7439A5CCF88}.Release|iPhoneSimulator.Build.0 = Release|Any CPU
		{5F251156-C4B4-4729-A16B-F7439A5CCF88}.Release|iPhoneSimulator.Deploy.0 = Release|Any CPU
		{B03EF3F1-6439-4826-A1FF-C2DCF46658FE}.Ad-Hoc|Any CPU.ActiveCfg = Ad-Hoc|iPhone
		{B03EF3F1-6439-4826-A1FF-C2DCF46658FE}.Ad-Hoc|iPhone.ActiveCfg = Ad-Hoc|iPhone
		{B03EF3F1-6439-4826-A1FF-C2DCF46658FE}.Ad-Hoc|iPhone.Build.0 = Ad-Hoc|iPhone
		{B03EF3F1-6439-4826-A1FF-C2DCF46658FE}.Ad-Hoc|iPhoneSimulator.ActiveCfg = Ad-Hoc|iPhoneSimulator
		{B03EF3F1-6439-4826-A1FF-C2DCF46658FE}.Ad-Hoc|iPhoneSimulator.Build.0 = Ad-Hoc|iPhoneSimulator
		{B03EF3F1-6439-4826-A1FF-C2DCF46658FE}.AppStore|Any CPU.ActiveCfg = AppStore|iPhone
		{B03EF3F1-6439-4826-A1FF-C2DCF46658FE}.AppStore|iPhone.ActiveCfg = AppStore|iPhone
		{B03EF3F1-6439-4826-A1FF-C2DCF46658FE}.AppStore|iPhone.Build.0 = AppStore|iPhone
		{B03EF3F1-6439-4826-A1FF-C2DCF46658FE}.AppStore|iPhoneSimulator.ActiveCfg = AppStore|iPhoneSimulator
		{B03EF3F1-6439-4826-A1FF-C2DCF46658FE}.AppStore|iPhoneSimulator.Build.0 = AppStore|iPhoneSimulator
		{B03EF3F1-6439-4826-A1FF-C2DCF46658FE}.Debug|Any CPU.ActiveCfg = Debug|iPhone
		{B03EF3F1-6439-4826-A1FF-C2DCF46658FE}.Debug|iPhone.ActiveCfg = Debug|iPhone
		{B03EF3F1-6439-4826-A1FF-C2DCF46658FE}.Debug|iPhone.Build.0 = Debug|iPhone
		{B03EF3F1-6439-4826-A1FF-C2DCF46658FE}.Debug|iPhoneSimulator.ActiveCfg = Debug|iPhoneSimulator
		{B03EF3F1-6439-4826-A1FF-C2DCF46658FE}.Debug|iPhoneSimulator.Build.0 = Debug|iPhoneSimulator
		{B03EF3F1-6439-4826-A1FF-C2DCF46658FE}.Release|Any CPU.ActiveCfg = Release|iPhone
		{B03EF3F1-6439-4826-A1FF-C2DCF46658FE}.Release|iPhone.ActiveCfg = Release|iPhone
		{B03EF3F1-6439-4826-A1FF-C2DCF46658FE}.Release|iPhone.Build.0 = Release|iPhone
		{B03EF3F1-6439-4826-A1FF-C2DCF46658FE}.Release|iPhoneSimulator.ActiveCfg = Release|iPhoneSimulator
		{B03EF3F1-6439-4826-A1FF-C2DCF46658FE}.Release|iPhoneSimulator.Build.0 = Release|iPhoneSimulator
		{22B04F72-94E0-4C5A-8B76-81389571529E}.Ad-Hoc|Any CPU.ActiveCfg = Debug|Any CPU
		{22B04F72-94E0-4C5A-8B76-81389571529E}.Ad-Hoc|Any CPU.Build.0 = Debug|Any CPU
		{22B04F72-94E0-4C5A-8B76-81389571529E}.Ad-Hoc|iPhone.ActiveCfg = Debug|Any CPU
		{22B04F72-94E0-4C5A-8B76-81389571529E}.Ad-Hoc|iPhone.Build.0 = Debug|Any CPU
		{22B04F72-94E0-4C5A-8B76-81389571529E}.Ad-Hoc|iPhoneSimulator.ActiveCfg = Debug|Any CPU
		{22B04F72-94E0-4C5A-8B76-81389571529E}.Ad-Hoc|iPhoneSimulator.Build.0 = Debug|Any CPU
		{22B04F72-94E0-4C5A-8B76-81389571529E}.AppStore|Any CPU.ActiveCfg = Debug|Any CPU
		{22B04F72-94E0-4C5A-8B76-81389571529E}.AppStore|Any CPU.Build.0 = Debug|Any CPU
		{22B04F72-94E0-4C5A-8B76-81389571529E}.AppStore|iPhone.ActiveCfg = Debug|Any CPU
		{22B04F72-94E0-4C5A-8B76-81389571529E}.AppStore|iPhone.Build.0 = Debug|Any CPU
		{22B04F72-94E0-4C5A-8B76-81389571529E}.AppStore|iPhoneSimulator.ActiveCfg = Debug|Any CPU
		{22B04F72-94E0-4C5A-8B76-81389571529E}.AppStore|iPhoneSimulator.Build.0 = Debug|Any CPU
		{22B04F72-94E0-4C5A-8B76-81389571529E}.Debug|Any CPU.ActiveCfg = Debug|Any CPU
		{22B04F72-94E0-4C5A-8B76-81389571529E}.Debug|Any CPU.Build.0 = Debug|Any CPU
		{22B04F72-94E0-4C5A-8B76-81389571529E}.Debug|iPhone.ActiveCfg = Debug|Any CPU
		{22B04F72-94E0-4C5A-8B76-81389571529E}.Debug|iPhone.Build.0 = Debug|Any CPU
		{22B04F72-94E0-4C5A-8B76-81389571529E}.Debug|iPhoneSimulator.ActiveCfg = Debug|Any CPU
		{22B04F72-94E0-4C5A-8B76-81389571529E}.Debug|iPhoneSimulator.Build.0 = Debug|Any CPU
		{22B04F72-94E0-4C5A-8B76-81389571529E}.Release|Any CPU.ActiveCfg = Release|Any CPU
		{22B04F72-94E0-4C5A-8B76-81389571529E}.Release|Any CPU.Build.0 = Release|Any CPU
		{22B04F72-94E0-4C5A-8B76-81389571529E}.Release|iPhone.ActiveCfg = Release|Any CPU
		{22B04F72-94E0-4C5A-8B76-81389571529E}.Release|iPhone.Build.0 = Release|Any CPU
		{22B04F72-94E0-4C5A-8B76-81389571529E}.Release|iPhoneSimulator.ActiveCfg = Release|Any CPU
		{22B04F72-94E0-4C5A-8B76-81389571529E}.Release|iPhoneSimulator.Build.0 = Release|Any CPU
	EndGlobalSection
	GlobalSection(SolutionProperties) = preSolution
		HideSolutionNode = FALSE
	EndGlobalSection
	GlobalSection(ExtensibilityGlobals) = postSolution
		SolutionGuid = {A6689ABD-F7B4-40FC-A0C0-FD987A90E7A4}
	EndGlobalSection
EndGlobal
